
Microsoft Visual Studio Solution File, Format Version 12.00
# Visual Studio Version 16
VisualStudioVersion = 16.0.29911.84
MinimumVisualStudioVersion = 10.0.40219.1
Project("{FAE04EC0-301F-11D3-BF4B-00C04F79EFBC}") = "YourWebApiName.ApiServices", "YourWebApiName.ApiServices\YourWebApiName.ApiServices.csproj", "{03020EDC-BE3F-40DC-A68B-7470DEE06F0D}"
EndProject
Global
	GlobalSection(SolutionConfigurationPlatforms) = preSolution
		Debug|Any CPU = Debug|Any CPU
		Release|Any CPU = Release|Any CPU
	EndGlobalSection
	GlobalSection(ProjectConfigurationPlatforms) = postSolution
		{03020EDC-BE3F-40DC-A68B-7470DEE06F0D}.Debug|Any CPU.ActiveCfg = Debug|Any CPU
		{03020EDC-BE3F-40DC-A68B-7470DEE06F0D}.Debug|Any CPU.Build.0 = Debug|Any CPU
		{03020EDC-BE3F-40DC-A68B-7470DEE06F0D}.Release|Any CPU.ActiveCfg = Release|Any CPU
		{03020EDC-BE3F-40DC-A68B-7470DEE06F0D}.Release|Any CPU.Build.0 = Release|Any CPU
	EndGlobalSection
	GlobalSection(SolutionProperties) = preSolution
		HideSolutionNode = FALSE
	EndGlobalSection
	GlobalSection(ExtensibilityGlobals) = postSolution
		SolutionGuid = {EB39E9D9-BD77-467A-8B43-8A0FC01AF5BD}
	EndGlobalSection
EndGlobal
