
Microsoft Visual Studio Solution File, Format Version 12.00
# Visual Studio Version 16
VisualStudioVersion = 16.0.29911.84
MinimumVisualStudioVersion = 10.0.40219.1
Project("{9A19103F-16F7-4668-BE54-9A1E7A4F7556}") = "YourWebApiName.ApiServices", "YourWebApiName.ApiServices\YourWebApiName.ApiServices.csproj", "{03020EDC-BE3F-40DC-A68B-7470DEE06F0D}"
EndProject
Project("{2150E333-8FDC-42A3-9474-1A3956D46DE8}") = "common", "common", "{772A6AEC-AD6A-408D-8B90-A3DA065033DF}"
EndProject
Project("{2150E333-8FDC-42A3-9474-1A3956D46DE8}") = "database", "database", "{035D7570-E9D4-4FB6-BFB9-491EAB099504}"
EndProject
Project("{2150E333-8FDC-42A3-9474-1A3956D46DE8}") = "NoSqlDataBase", "NoSqlDataBase", "{5A23FDEB-40DB-43A3-8DFF-FC68DFA9599F}"
EndProject
Project("{2150E333-8FDC-42A3-9474-1A3956D46DE8}") = "SqlDataBase", "SqlDataBase", "{81AEAF0A-023A-4658-B3D9-868BE82EE485}"
EndProject
Project("{9A19103F-16F7-4668-BE54-9A1E7A4F7556}") = "Common.Utility", "..\common\Common.Utility\Common.Utility.csproj", "{CD9BE304-C976-481E-9414-CFA263AF2947}"
EndProject
Project("{9A19103F-16F7-4668-BE54-9A1E7A4F7556}") = "Common.NetCoreWebUtility", "..\common\Common.NetCoreWebUtility\Common.NetCoreWebUtility.csproj", "{D47BCC26-778E-42F8-8D74-4A0936DDCEC6}"
EndProject
Project("{9A19103F-16F7-4668-BE54-9A1E7A4F7556}") = "DataBase.MySqlFromSqlSugar", "..\database\SqlDataBase\DataBase.MySqlFromSqlSugar\DataBase.MySqlFromSqlSugar.csproj", "{F2F6C2AA-E149-43CE-B25D-E4299EBC13D4}"
EndProject
Project("{9A19103F-16F7-4668-BE54-9A1E7A4F7556}") = "DataBase.MongoDb", "..\database\NoSqlDataBase\DataBase.MongoDb\DataBase.MongoDb.csproj", "{A9458FF4-C3E6-463C-8722-6F608825686F}"
EndProject
Project("{2150E333-8FDC-42A3-9474-1A3956D46DE8}") = "test", "test", "{90405399-8AF6-493E-83B6-3E1E6BC5A751}"
EndProject
Project("{9A19103F-16F7-4668-BE54-9A1E7A4F7556}") = "ApiServices.Test", "test\ApiServices.Test\ApiServices.Test.csproj", "{F41B0570-9E37-46C8-96E7-3E514068DE20}"
EndProject
Project("{9A19103F-16F7-4668-BE54-9A1E7A4F7556}") = "YourWebApiName.IRepository", "YourWebApiName.IRepository\YourWebApiName.IRepository.csproj", "{259056E4-29D5-41DD-9B7A-9796E3B50B80}"
EndProject
Project("{9A19103F-16F7-4668-BE54-9A1E7A4F7556}") = "YourWebApiName.IServices", "YourWebApiName.IServices\YourWebApiName.IServices.csproj", "{73AF8E73-A5EB-41F7-A59D-2F110EB0EC8D}"
EndProject
Project("{9A19103F-16F7-4668-BE54-9A1E7A4F7556}") = "YourWebApiName.Models", "YourWebApiName.Models\YourWebApiName.Models.csproj", "{21294BAB-FEA5-44E9-9B65-5EE9C73E4435}"
EndProject
Project("{2150E333-8FDC-42A3-9474-1A3956D46DE8}") = "Implement", "Implement", "{17E17426-8042-412B-BB8B-283048BF86E2}"
EndProject
Project("{9A19103F-16F7-4668-BE54-9A1E7A4F7556}") = "DataBase.DapperForSqlServer", "..\database\SqlDataBase\DataBase.DapperForSqlServer\DataBase.DapperForSqlServer.csproj", "{BD43C6C2-3A65-47FE-A341-1CDC93A710CF}"
EndProject
Project("{9A19103F-16F7-4668-BE54-9A1E7A4F7556}") = "DataBase.DapperForMySql", "..\database\SqlDataBase\DataBase.DapperForMySql\DataBase.DapperForMySql.csproj", "{4B5B3346-E21A-44B5-AF09-31B92C0A89BE}"
EndProject
Project("{9A19103F-16F7-4668-BE54-9A1E7A4F7556}") = "IDataBase", "..\database\IDataBase\IDataBase.csproj", "{8E43542C-89C0-4C73-BC42-4406BF4DB901}"
EndProject
Project("{9A19103F-16F7-4668-BE54-9A1E7A4F7556}") = "YourWebApiName.IdentityServer", "YourWebApiName.IdentityServer\YourWebApiName.IdentityServer.csproj", "{2DD7586D-2B68-4D1B-B43F-988AFB672E1D}"
EndProject
Project("{9A19103F-16F7-4668-BE54-9A1E7A4F7556}") = "YourWebApiName.Repository", "Implement\YourWebApiName.Repository\YourWebApiName.Repository.csproj", "{0A979478-F842-4174-8D2F-0A8BD6944741}"
EndProject
Project("{9A19103F-16F7-4668-BE54-9A1E7A4F7556}") = "YourWebApiName.Services", "Implement\YourWebApiName.Services\YourWebApiName.Services.csproj", "{5A69F365-EEAF-4391-B87E-0BF4BBA5EFD7}"
EndProject
Project("{FAE04EC0-301F-11D3-BF4B-00C04F79EFBC}") = "DataBase.Redis", "..\database\NoSqlDataBase\DataBase.Redis\DataBase.Redis.csproj", "{ABF7A98D-B688-46B1-902E-936E46664DCC}"
EndProject
Global
	GlobalSection(SolutionConfigurationPlatforms) = preSolution
		Debug|Any CPU = Debug|Any CPU
		Release|Any CPU = Release|Any CPU
	EndGlobalSection
	GlobalSection(ProjectConfigurationPlatforms) = postSolution
		{03020EDC-BE3F-40DC-A68B-7470DEE06F0D}.Debug|Any CPU.ActiveCfg = Debug|Any CPU
		{03020EDC-BE3F-40DC-A68B-7470DEE06F0D}.Debug|Any CPU.Build.0 = Debug|Any CPU
		{03020EDC-BE3F-40DC-A68B-7470DEE06F0D}.Release|Any CPU.ActiveCfg = Release|Any CPU
		{03020EDC-BE3F-40DC-A68B-7470DEE06F0D}.Release|Any CPU.Build.0 = Release|Any CPU
		{CD9BE304-C976-481E-9414-CFA263AF2947}.Debug|Any CPU.ActiveCfg = Debug|Any CPU
		{CD9BE304-C976-481E-9414-CFA263AF2947}.Debug|Any CPU.Build.0 = Debug|Any CPU
		{CD9BE304-C976-481E-9414-CFA263AF2947}.Release|Any CPU.ActiveCfg = Release|Any CPU
		{CD9BE304-C976-481E-9414-CFA263AF2947}.Release|Any CPU.Build.0 = Release|Any CPU
		{D47BCC26-778E-42F8-8D74-4A0936DDCEC6}.Debug|Any CPU.ActiveCfg = Debug|Any CPU
		{D47BCC26-778E-42F8-8D74-4A0936DDCEC6}.Debug|Any CPU.Build.0 = Debug|Any CPU
		{D47BCC26-778E-42F8-8D74-4A0936DDCEC6}.Release|Any CPU.ActiveCfg = Release|Any CPU
		{D47BCC26-778E-42F8-8D74-4A0936DDCEC6}.Release|Any CPU.Build.0 = Release|Any CPU
		{F2F6C2AA-E149-43CE-B25D-E4299EBC13D4}.Debug|Any CPU.ActiveCfg = Debug|Any CPU
		{F2F6C2AA-E149-43CE-B25D-E4299EBC13D4}.Debug|Any CPU.Build.0 = Debug|Any CPU
		{F2F6C2AA-E149-43CE-B25D-E4299EBC13D4}.Release|Any CPU.ActiveCfg = Release|Any CPU
		{F2F6C2AA-E149-43CE-B25D-E4299EBC13D4}.Release|Any CPU.Build.0 = Release|Any CPU
		{A9458FF4-C3E6-463C-8722-6F608825686F}.Debug|Any CPU.ActiveCfg = Debug|Any CPU
		{A9458FF4-C3E6-463C-8722-6F608825686F}.Debug|Any CPU.Build.0 = Debug|Any CPU
		{A9458FF4-C3E6-463C-8722-6F608825686F}.Release|Any CPU.ActiveCfg = Release|Any CPU
		{A9458FF4-C3E6-463C-8722-6F608825686F}.Release|Any CPU.Build.0 = Release|Any CPU
		{F41B0570-9E37-46C8-96E7-3E514068DE20}.Debug|Any CPU.ActiveCfg = Debug|Any CPU
		{F41B0570-9E37-46C8-96E7-3E514068DE20}.Debug|Any CPU.Build.0 = Debug|Any CPU
		{F41B0570-9E37-46C8-96E7-3E514068DE20}.Release|Any CPU.ActiveCfg = Release|Any CPU
		{F41B0570-9E37-46C8-96E7-3E514068DE20}.Release|Any CPU.Build.0 = Release|Any CPU
		{259056E4-29D5-41DD-9B7A-9796E3B50B80}.Debug|Any CPU.ActiveCfg = Debug|Any CPU
		{259056E4-29D5-41DD-9B7A-9796E3B50B80}.Debug|Any CPU.Build.0 = Debug|Any CPU
		{259056E4-29D5-41DD-9B7A-9796E3B50B80}.Release|Any CPU.ActiveCfg = Release|Any CPU
		{259056E4-29D5-41DD-9B7A-9796E3B50B80}.Release|Any CPU.Build.0 = Release|Any CPU
		{73AF8E73-A5EB-41F7-A59D-2F110EB0EC8D}.Debug|Any CPU.ActiveCfg = Debug|Any CPU
		{73AF8E73-A5EB-41F7-A59D-2F110EB0EC8D}.Debug|Any CPU.Build.0 = Debug|Any CPU
		{73AF8E73-A5EB-41F7-A59D-2F110EB0EC8D}.Release|Any CPU.ActiveCfg = Release|Any CPU
		{73AF8E73-A5EB-41F7-A59D-2F110EB0EC8D}.Release|Any CPU.Build.0 = Release|Any CPU
		{21294BAB-FEA5-44E9-9B65-5EE9C73E4435}.Debug|Any CPU.ActiveCfg = Debug|Any CPU
		{21294BAB-FEA5-44E9-9B65-5EE9C73E4435}.Debug|Any CPU.Build.0 = Debug|Any CPU
		{21294BAB-FEA5-44E9-9B65-5EE9C73E4435}.Release|Any CPU.ActiveCfg = Release|Any CPU
		{21294BAB-FEA5-44E9-9B65-5EE9C73E4435}.Release|Any CPU.Build.0 = Release|Any CPU
		{BD43C6C2-3A65-47FE-A341-1CDC93A710CF}.Debug|Any CPU.ActiveCfg = Debug|Any CPU
		{BD43C6C2-3A65-47FE-A341-1CDC93A710CF}.Debug|Any CPU.Build.0 = Debug|Any CPU
		{BD43C6C2-3A65-47FE-A341-1CDC93A710CF}.Release|Any CPU.ActiveCfg = Release|Any CPU
		{BD43C6C2-3A65-47FE-A341-1CDC93A710CF}.Release|Any CPU.Build.0 = Release|Any CPU
		{4B5B3346-E21A-44B5-AF09-31B92C0A89BE}.Debug|Any CPU.ActiveCfg = Debug|Any CPU
		{4B5B3346-E21A-44B5-AF09-31B92C0A89BE}.Debug|Any CPU.Build.0 = Debug|Any CPU
		{4B5B3346-E21A-44B5-AF09-31B92C0A89BE}.Release|Any CPU.ActiveCfg = Release|Any CPU
		{4B5B3346-E21A-44B5-AF09-31B92C0A89BE}.Release|Any CPU.Build.0 = Release|Any CPU
		{8E43542C-89C0-4C73-BC42-4406BF4DB901}.Debug|Any CPU.ActiveCfg = Debug|Any CPU
		{8E43542C-89C0-4C73-BC42-4406BF4DB901}.Debug|Any CPU.Build.0 = Debug|Any CPU
		{8E43542C-89C0-4C73-BC42-4406BF4DB901}.Release|Any CPU.ActiveCfg = Release|Any CPU
		{8E43542C-89C0-4C73-BC42-4406BF4DB901}.Release|Any CPU.Build.0 = Release|Any CPU
		{2DD7586D-2B68-4D1B-B43F-988AFB672E1D}.Debug|Any CPU.ActiveCfg = Debug|Any CPU
		{2DD7586D-2B68-4D1B-B43F-988AFB672E1D}.Debug|Any CPU.Build.0 = Debug|Any CPU
		{2DD7586D-2B68-4D1B-B43F-988AFB672E1D}.Release|Any CPU.ActiveCfg = Release|Any CPU
		{2DD7586D-2B68-4D1B-B43F-988AFB672E1D}.Release|Any CPU.Build.0 = Release|Any CPU
		{0A979478-F842-4174-8D2F-0A8BD6944741}.Debug|Any CPU.ActiveCfg = Debug|Any CPU
		{0A979478-F842-4174-8D2F-0A8BD6944741}.Debug|Any CPU.Build.0 = Debug|Any CPU
		{0A979478-F842-4174-8D2F-0A8BD6944741}.Release|Any CPU.ActiveCfg = Release|Any CPU
		{0A979478-F842-4174-8D2F-0A8BD6944741}.Release|Any CPU.Build.0 = Release|Any CPU
		{5A69F365-EEAF-4391-B87E-0BF4BBA5EFD7}.Debug|Any CPU.ActiveCfg = Debug|Any CPU
		{5A69F365-EEAF-4391-B87E-0BF4BBA5EFD7}.Debug|Any CPU.Build.0 = Debug|Any CPU
		{5A69F365-EEAF-4391-B87E-0BF4BBA5EFD7}.Release|Any CPU.ActiveCfg = Release|Any CPU
		{5A69F365-EEAF-4391-B87E-0BF4BBA5EFD7}.Release|Any CPU.Build.0 = Release|Any CPU
		{ABF7A98D-B688-46B1-902E-936E46664DCC}.Debug|Any CPU.ActiveCfg = Debug|Any CPU
		{ABF7A98D-B688-46B1-902E-936E46664DCC}.Debug|Any CPU.Build.0 = Debug|Any CPU
		{ABF7A98D-B688-46B1-902E-936E46664DCC}.Release|Any CPU.ActiveCfg = Release|Any CPU
		{ABF7A98D-B688-46B1-902E-936E46664DCC}.Release|Any CPU.Build.0 = Release|Any CPU
	EndGlobalSection
	GlobalSection(SolutionProperties) = preSolution
		HideSolutionNode = FALSE
	EndGlobalSection
	GlobalSection(NestedProjects) = preSolution
		{5A23FDEB-40DB-43A3-8DFF-FC68DFA9599F} = {035D7570-E9D4-4FB6-BFB9-491EAB099504}
		{81AEAF0A-023A-4658-B3D9-868BE82EE485} = {035D7570-E9D4-4FB6-BFB9-491EAB099504}
		{CD9BE304-C976-481E-9414-CFA263AF2947} = {772A6AEC-AD6A-408D-8B90-A3DA065033DF}
		{D47BCC26-778E-42F8-8D74-4A0936DDCEC6} = {772A6AEC-AD6A-408D-8B90-A3DA065033DF}
		{F2F6C2AA-E149-43CE-B25D-E4299EBC13D4} = {81AEAF0A-023A-4658-B3D9-868BE82EE485}
		{A9458FF4-C3E6-463C-8722-6F608825686F} = {5A23FDEB-40DB-43A3-8DFF-FC68DFA9599F}
		{F41B0570-9E37-46C8-96E7-3E514068DE20} = {90405399-8AF6-493E-83B6-3E1E6BC5A751}
		{BD43C6C2-3A65-47FE-A341-1CDC93A710CF} = {81AEAF0A-023A-4658-B3D9-868BE82EE485}
		{4B5B3346-E21A-44B5-AF09-31B92C0A89BE} = {81AEAF0A-023A-4658-B3D9-868BE82EE485}
		{8E43542C-89C0-4C73-BC42-4406BF4DB901} = {035D7570-E9D4-4FB6-BFB9-491EAB099504}
		{0A979478-F842-4174-8D2F-0A8BD6944741} = {17E17426-8042-412B-BB8B-283048BF86E2}
		{5A69F365-EEAF-4391-B87E-0BF4BBA5EFD7} = {17E17426-8042-412B-BB8B-283048BF86E2}
		{ABF7A98D-B688-46B1-902E-936E46664DCC} = {5A23FDEB-40DB-43A3-8DFF-FC68DFA9599F}
	EndGlobalSection
	GlobalSection(ExtensibilityGlobals) = postSolution
		SolutionGuid = {EB39E9D9-BD77-467A-8B43-8A0FC01AF5BD}
	EndGlobalSection
EndGlobal
