
Microsoft Visual Studio Solution File, Format Version 12.00
# Visual Studio Version 16
VisualStudioVersion = 16.0.29911.84
MinimumVisualStudioVersion = 10.0.40219.1
Project("{9A19103F-16F7-4668-BE54-9A1E7A4F7556}") = "YourWebApiName.ApiServices", "YourWebApiName.ApiServices\YourWebApiName.ApiServices.csproj", "{03020EDC-BE3F-40DC-A68B-7470DEE06F0D}"
EndProject
Project("{2150E333-8FDC-42A3-9474-1A3956D46DE8}") = "common", "common", "{772A6AEC-AD6A-408D-8B90-A3DA065033DF}"
EndProject
Project("{2150E333-8FDC-42A3-9474-1A3956D46DE8}") = "database", "database", "{035D7570-E9D4-4FB6-BFB9-491EAB099504}"
EndProject
Project("{2150E333-8FDC-42A3-9474-1A3956D46DE8}") = "NoSqlDataBase", "NoSqlDataBase", "{5A23FDEB-40DB-43A3-8DFF-FC68DFA9599F}"
EndProject
Project("{2150E333-8FDC-42A3-9474-1A3956D46DE8}") = "SqlDataBase", "SqlDataBase", "{81AEAF0A-023A-4658-B3D9-868BE82EE485}"
EndProject
Project("{9A19103F-16F7-4668-BE54-9A1E7A4F7556}") = "Common.Utility", "..\common\Common.Utility\Common.Utility.csproj", "{CD9BE304-C976-481E-9414-CFA263AF2947}"
EndProject
Project("{9A19103F-16F7-4668-BE54-9A1E7A4F7556}") = "Common.NetCoreWebUtility", "..\common\Common.NetCoreWebUtility\Common.NetCoreWebUtility.csproj", "{D47BCC26-778E-42F8-8D74-4A0936DDCEC6}"
EndProject
Project("{9A19103F-16F7-4668-BE54-9A1E7A4F7556}") = "DataBase.IDataBase", "..\database\DataBase.IDataBase\DataBase.IDataBase.csproj", "{D1896C13-AA1C-4174-88EA-DA3C2DDFB6F8}"
EndProject
Project("{9A19103F-16F7-4668-BE54-9A1E7A4F7556}") = "DataBase.MySqlFromSqlSugar", "..\database\SqlDataBase\DataBase.MySqlFromSqlSugar\DataBase.MySqlFromSqlSugar.csproj", "{F2F6C2AA-E149-43CE-B25D-E4299EBC13D4}"
EndProject
Project("{9A19103F-16F7-4668-BE54-9A1E7A4F7556}") = "DataBse.MySqlFromDapper", "..\database\SqlDataBase\DataBse.MySqlFromDapper\DataBse.MySqlFromDapper.csproj", "{87213CF1-F8DD-45A6-BE92-B4587B431E2D}"
EndProject
Project("{9A19103F-16F7-4668-BE54-9A1E7A4F7556}") = "DataBase.MongoDb", "..\database\NoSqlDataBase\DataBase.MongoDb\DataBase.MongoDb.csproj", "{A9458FF4-C3E6-463C-8722-6F608825686F}"
EndProject
Project("{2150E333-8FDC-42A3-9474-1A3956D46DE8}") = "test", "test", "{90405399-8AF6-493E-83B6-3E1E6BC5A751}"
EndProject
Project("{FAE04EC0-301F-11D3-BF4B-00C04F79EFBC}") = "ApiServices.Test", "test\ApiServices.Test\ApiServices.Test.csproj", "{F41B0570-9E37-46C8-96E7-3E514068DE20}"
EndProject
Global
	GlobalSection(SolutionConfigurationPlatforms) = preSolution
		Debug|Any CPU = Debug|Any CPU
		Release|Any CPU = Release|Any CPU
	EndGlobalSection
	GlobalSection(ProjectConfigurationPlatforms) = postSolution
		{03020EDC-BE3F-40DC-A68B-7470DEE06F0D}.Debug|Any CPU.ActiveCfg = Debug|Any CPU
		{03020EDC-BE3F-40DC-A68B-7470DEE06F0D}.Debug|Any CPU.Build.0 = Debug|Any CPU
		{03020EDC-BE3F-40DC-A68B-7470DEE06F0D}.Release|Any CPU.ActiveCfg = Release|Any CPU
		{03020EDC-BE3F-40DC-A68B-7470DEE06F0D}.Release|Any CPU.Build.0 = Release|Any CPU
		{CD9BE304-C976-481E-9414-CFA263AF2947}.Debug|Any CPU.ActiveCfg = Debug|Any CPU
		{CD9BE304-C976-481E-9414-CFA263AF2947}.Debug|Any CPU.Build.0 = Debug|Any CPU
		{CD9BE304-C976-481E-9414-CFA263AF2947}.Release|Any CPU.ActiveCfg = Release|Any CPU
		{CD9BE304-C976-481E-9414-CFA263AF2947}.Release|Any CPU.Build.0 = Release|Any CPU
		{D47BCC26-778E-42F8-8D74-4A0936DDCEC6}.Debug|Any CPU.ActiveCfg = Debug|Any CPU
		{D47BCC26-778E-42F8-8D74-4A0936DDCEC6}.Debug|Any CPU.Build.0 = Debug|Any CPU
		{D47BCC26-778E-42F8-8D74-4A0936DDCEC6}.Release|Any CPU.ActiveCfg = Release|Any CPU
		{D47BCC26-778E-42F8-8D74-4A0936DDCEC6}.Release|Any CPU.Build.0 = Release|Any CPU
		{D1896C13-AA1C-4174-88EA-DA3C2DDFB6F8}.Debug|Any CPU.ActiveCfg = Debug|Any CPU
		{D1896C13-AA1C-4174-88EA-DA3C2DDFB6F8}.Debug|Any CPU.Build.0 = Debug|Any CPU
		{D1896C13-AA1C-4174-88EA-DA3C2DDFB6F8}.Release|Any CPU.ActiveCfg = Release|Any CPU
		{D1896C13-AA1C-4174-88EA-DA3C2DDFB6F8}.Release|Any CPU.Build.0 = Release|Any CPU
		{F2F6C2AA-E149-43CE-B25D-E4299EBC13D4}.Debug|Any CPU.ActiveCfg = Debug|Any CPU
		{F2F6C2AA-E149-43CE-B25D-E4299EBC13D4}.Debug|Any CPU.Build.0 = Debug|Any CPU
		{F2F6C2AA-E149-43CE-B25D-E4299EBC13D4}.Release|Any CPU.ActiveCfg = Release|Any CPU
		{F2F6C2AA-E149-43CE-B25D-E4299EBC13D4}.Release|Any CPU.Build.0 = Release|Any CPU
		{87213CF1-F8DD-45A6-BE92-B4587B431E2D}.Debug|Any CPU.ActiveCfg = Debug|Any CPU
		{87213CF1-F8DD-45A6-BE92-B4587B431E2D}.Debug|Any CPU.Build.0 = Debug|Any CPU
		{87213CF1-F8DD-45A6-BE92-B4587B431E2D}.Release|Any CPU.ActiveCfg = Release|Any CPU
		{87213CF1-F8DD-45A6-BE92-B4587B431E2D}.Release|Any CPU.Build.0 = Release|Any CPU
		{A9458FF4-C3E6-463C-8722-6F608825686F}.Debug|Any CPU.ActiveCfg = Debug|Any CPU
		{A9458FF4-C3E6-463C-8722-6F608825686F}.Debug|Any CPU.Build.0 = Debug|Any CPU
		{A9458FF4-C3E6-463C-8722-6F608825686F}.Release|Any CPU.ActiveCfg = Release|Any CPU
		{A9458FF4-C3E6-463C-8722-6F608825686F}.Release|Any CPU.Build.0 = Release|Any CPU
		{F41B0570-9E37-46C8-96E7-3E514068DE20}.Debug|Any CPU.ActiveCfg = Debug|Any CPU
		{F41B0570-9E37-46C8-96E7-3E514068DE20}.Debug|Any CPU.Build.0 = Debug|Any CPU
		{F41B0570-9E37-46C8-96E7-3E514068DE20}.Release|Any CPU.ActiveCfg = Release|Any CPU
		{F41B0570-9E37-46C8-96E7-3E514068DE20}.Release|Any CPU.Build.0 = Release|Any CPU
	EndGlobalSection
	GlobalSection(SolutionProperties) = preSolution
		HideSolutionNode = FALSE
	EndGlobalSection
	GlobalSection(NestedProjects) = preSolution
		{5A23FDEB-40DB-43A3-8DFF-FC68DFA9599F} = {035D7570-E9D4-4FB6-BFB9-491EAB099504}
		{81AEAF0A-023A-4658-B3D9-868BE82EE485} = {035D7570-E9D4-4FB6-BFB9-491EAB099504}
		{CD9BE304-C976-481E-9414-CFA263AF2947} = {772A6AEC-AD6A-408D-8B90-A3DA065033DF}
		{D47BCC26-778E-42F8-8D74-4A0936DDCEC6} = {772A6AEC-AD6A-408D-8B90-A3DA065033DF}
		{D1896C13-AA1C-4174-88EA-DA3C2DDFB6F8} = {035D7570-E9D4-4FB6-BFB9-491EAB099504}
		{F2F6C2AA-E149-43CE-B25D-E4299EBC13D4} = {81AEAF0A-023A-4658-B3D9-868BE82EE485}
		{87213CF1-F8DD-45A6-BE92-B4587B431E2D} = {81AEAF0A-023A-4658-B3D9-868BE82EE485}
		{A9458FF4-C3E6-463C-8722-6F608825686F} = {5A23FDEB-40DB-43A3-8DFF-FC68DFA9599F}
		{F41B0570-9E37-46C8-96E7-3E514068DE20} = {90405399-8AF6-493E-83B6-3E1E6BC5A751}
	EndGlobalSection
	GlobalSection(ExtensibilityGlobals) = postSolution
		SolutionGuid = {EB39E9D9-BD77-467A-8B43-8A0FC01AF5BD}
	EndGlobalSection
EndGlobal
