
Microsoft Visual Studio Solution File, Format Version 12.00
# Visual Studio Version 16
VisualStudioVersion = 16.0.30104.148
MinimumVisualStudioVersion = 10.0.40219.1
Project("{9A19103F-16F7-4668-BE54-9A1E7A4F7556}") = "AutoUpdateBox.App", "AutoUpdateBox.App\AutoUpdateBox.App.csproj", "{431CE32B-0AEF-420C-8852-7DBFACA462D8}"
EndProject
Project("{9A19103F-16F7-4668-BE54-9A1E7A4F7556}") = "Common.AutoUpdateUtility", "Common.AutoUpdateUtility\Common.AutoUpdateUtility.csproj", "{8E7E1C96-55C7-495A-8574-BEADDF364A9E}"
EndProject
Project("{9A19103F-16F7-4668-BE54-9A1E7A4F7556}") = "Common.Utility", "..\common\Common.Utility\Common.Utility.csproj", "{FB9365F2-653D-4E2B-A860-31230708053A}"
EndProject
Global
	GlobalSection(SolutionConfigurationPlatforms) = preSolution
		Debug|Any CPU = Debug|Any CPU
		Release|Any CPU = Release|Any CPU
	EndGlobalSection
	GlobalSection(ProjectConfigurationPlatforms) = postSolution
		{431CE32B-0AEF-420C-8852-7DBFACA462D8}.Debug|Any CPU.ActiveCfg = Debug|Any CPU
		{431CE32B-0AEF-420C-8852-7DBFACA462D8}.Debug|Any CPU.Build.0 = Debug|Any CPU
		{431CE32B-0AEF-420C-8852-7DBFACA462D8}.Release|Any CPU.ActiveCfg = Release|Any CPU
		{431CE32B-0AEF-420C-8852-7DBFACA462D8}.Release|Any CPU.Build.0 = Release|Any CPU
		{8E7E1C96-55C7-495A-8574-BEADDF364A9E}.Debug|Any CPU.ActiveCfg = Debug|Any CPU
		{8E7E1C96-55C7-495A-8574-BEADDF364A9E}.Debug|Any CPU.Build.0 = Debug|Any CPU
		{8E7E1C96-55C7-495A-8574-BEADDF364A9E}.Release|Any CPU.ActiveCfg = Release|Any CPU
		{8E7E1C96-55C7-495A-8574-BEADDF364A9E}.Release|Any CPU.Build.0 = Release|Any CPU
		{FB9365F2-653D-4E2B-A860-31230708053A}.Debug|Any CPU.ActiveCfg = Debug|Any CPU
		{FB9365F2-653D-4E2B-A860-31230708053A}.Debug|Any CPU.Build.0 = Debug|Any CPU
		{FB9365F2-653D-4E2B-A860-31230708053A}.Release|Any CPU.ActiveCfg = Release|Any CPU
		{FB9365F2-653D-4E2B-A860-31230708053A}.Release|Any CPU.Build.0 = Release|Any CPU
	EndGlobalSection
	GlobalSection(SolutionProperties) = preSolution
		HideSolutionNode = FALSE
	EndGlobalSection
	GlobalSection(ExtensibilityGlobals) = postSolution
		SolutionGuid = {AE099CC7-C7DB-48FB-A5A1-B5660B586549}
	EndGlobalSection
EndGlobal
